
Microsoft Visual Studio Solution File, Format Version 12.00
# Visual Studio Version 16
VisualStudioVersion = 16.0.32802.440
MinimumVisualStudioVersion = 10.0.40219.1
Project("{888888A0-9F3D-457C-B088-3A5042F75D52}") = "home7_py", "home7_py.pyproj", "{2041EAB8-607B-485D-BDB7-80C0F42DC42F}"
EndProject
Global
	GlobalSection(SolutionConfigurationPlatforms) = preSolution
		Debug|Any CPU = Debug|Any CPU
		Release|Any CPU = Release|Any CPU
	EndGlobalSection
	GlobalSection(ProjectConfigurationPlatforms) = postSolution
		{2041EAB8-607B-485D-BDB7-80C0F42DC42F}.Debug|Any CPU.ActiveCfg = Debug|Any CPU
		{2041EAB8-607B-485D-BDB7-80C0F42DC42F}.Release|Any CPU.ActiveCfg = Release|Any CPU
	EndGlobalSection
	GlobalSection(SolutionProperties) = preSolution
		HideSolutionNode = FALSE
	EndGlobalSection
	GlobalSection(ExtensibilityGlobals) = postSolution
		SolutionGuid = {43593EEE-CEB7-4498-BD49-B4AB6483E011}
	EndGlobalSection
EndGlobal
